PODS:
  - DACircularProgress (2.3.1)
  - FLAnimatedImage (1.0.12)
  - MBProgressHUD (0.9.2)
  - SDWebImage (4.2.2):
    - SDWebImage/Core (= 4.2.2)
  - SDWebImage/Core (4.2.2)
  - SDWebImage/GIF (4.2.2):
    - FLAnimatedImage (~> 1.0)
    - SDWebImage/Core

DEPENDENCIES:
  - DACircularProgress (~> 2.3)
  - MBProgressHUD (~> 0.9)
  - SDWebImage (~> 4.0)
  - SDWebImage/GIF

SPEC CHECKSUMS:
  DACircularProgress: 4dd437c0fc3da5161cb289e07ac449493d41db71
  FLAnimatedImage: 4a0b56255d9b05f18b6dd7ee06871be5d3b89e31
  MBProgressHUD: 1569cf7ace17a8bac47aabfbb8580a49690386d1
  SDWebImage: 89a9d32cd520bbb46eb14e541d5109b3564af198

PODFILE CHECKSUM: d8b012d12a515adfec5a893d076ff43a2f8aa78c

COCOAPODS: 1.4.0.beta.2
